
Microsoft Visual Studio Solution File, Format Version 12.00
# Visual Studio Version 16
VisualStudioVersion = 16.0.32428.217
MinimumVisualStudioVersion = 10.0.40219.1
Project("{FAE04EC0-301F-11D3-BF4B-00C04F79EFBC}") = "IDGS903Web_convertidor", "IDGS903Web_convertidor\IDGS903Web_convertidor.csproj", "{7B48CC1F-F0A8-490B-BEBC-612E5ADDC501}"
EndProject
Global
	GlobalSection(SolutionConfigurationPlatforms) = preSolution
		Debug|Any CPU = Debug|Any CPU
		Release|Any CPU = Release|Any CPU
	EndGlobalSection
	GlobalSection(ProjectConfigurationPlatforms) = postSolution
		{7B48CC1F-F0A8-490B-BEBC-612E5ADDC501}.Debug|Any CPU.ActiveCfg = Debug|Any CPU
		{7B48CC1F-F0A8-490B-BEBC-612E5ADDC501}.Debug|Any CPU.Build.0 = Debug|Any CPU
		{7B48CC1F-F0A8-490B-BEBC-612E5ADDC501}.Release|Any CPU.ActiveCfg = Release|Any CPU
		{7B48CC1F-F0A8-490B-BEBC-612E5ADDC501}.Release|Any CPU.Build.0 = Release|Any CPU
	EndGlobalSection
	GlobalSection(SolutionProperties) = preSolution
		HideSolutionNode = FALSE
	EndGlobalSection
	GlobalSection(ExtensibilityGlobals) = postSolution
		SolutionGuid = {158BAF95-3B97-4145-BBD9-052829896D19}
	EndGlobalSection
EndGlobal
